
Microsoft Visual Studio Solution File, Format Version 12.00
# Visual Studio Version 16
VisualStudioVersion = 16.0.30204.135
MinimumVisualStudioVersion = 10.0.40219.1
Project("{FAE04EC0-301F-11D3-BF4B-00C04F79EFBC}") = "API_Versioning", "API_Versioning\API_Versioning.csproj", "{6B20B9CF-0215-45FF-8692-9940D7A5C47E}"
EndProject
Global
	GlobalSection(SolutionConfigurationPlatforms) = preSolution
		Debug|Any CPU = Debug|Any CPU
		Release|Any CPU = Release|Any CPU
	EndGlobalSection
	GlobalSection(ProjectConfigurationPlatforms) = postSolution
		{6B20B9CF-0215-45FF-8692-9940D7A5C47E}.Debug|Any CPU.ActiveCfg = Debug|Any CPU
		{6B20B9CF-0215-45FF-8692-9940D7A5C47E}.Debug|Any CPU.Build.0 = Debug|Any CPU
		{6B20B9CF-0215-45FF-8692-9940D7A5C47E}.Release|Any CPU.ActiveCfg = Release|Any CPU
		{6B20B9CF-0215-45FF-8692-9940D7A5C47E}.Release|Any CPU.Build.0 = Release|Any CPU
	EndGlobalSection
	GlobalSection(SolutionProperties) = preSolution
		HideSolutionNode = FALSE
	EndGlobalSection
	GlobalSection(ExtensibilityGlobals) = postSolution
		SolutionGuid = {C7DF75AC-D7BC-4A1F-A665-4D5A94E66181}
	EndGlobalSection
EndGlobal
